// !$*UTF8*$!
{
	archiveVersion = 1;
	classes = {
	};
	objectVersion = 46;
	objects = {

/* Begin PBXBuildFile section */
		033F60DE201A5F4B00124276 /* AppDelegate.swift in Sources */ = {isa = PBXBuildFile; fileRef = 033F60DD201A5F4B00124276 /* AppDelegate.swift */; };
		033F60E0201A5F4B00124276 /* ViewController.swift in Sources */ = {isa = PBXBuildFile; fileRef = 033F60DF201A5F4B00124276 /* ViewController.swift */; };
		033F60E3201A5F4B00124276 /* Main.storyboard in Resources */ = {isa = PBXBuildFile; fileRef = 033F60E1201A5F4B00124276 /* Main.storyboard */; };
		033F60E5201A5F4B00124276 /* Assets.xcassets in Resources */ = {isa = PBXBuildFile; fileRef = 033F60E4201A5F4B00124276 /* Assets.xcassets */; };
		033F60E8201A5F4B00124276 /* LaunchScreen.storyboard in Resources */ = {isa = PBXBuildFile; fileRef = 033F60E6201A5F4B00124276 /* LaunchScreen.storyboard */; };
/* End PBXBuildFile section */

/* Begin PBXFileReference section */
		033F60DA201A5F4B00124276 /* Meme Me 2.0.app */ = {isa = PBXFileReference; explicitFileType = wrapper.application; includeInIndex = 0; path = "Meme Me 2.0.app"; sourceTree = BUILT_PRODUCTS_DIR; };
		033F60DD201A5F4B00124276 /* AppDelegate.swift */ = {isa = PBXFileReference; lastKnownFileType = sourcecode.swift; path = AppDelegate.swift; sourceTree = "<group>"; };
		033F60DF201A5F4B00124276 /* ViewController.swift */ = {isa = PBXFileReference; lastKnownFileType = sourcecode.swift; path = ViewController.swift; sourceTree = "<group>"; };
		033F60E2201A5F4B00124276 /* Base */ = {isa = PBXFileReference; lastKnownFileType = file.storyboard; name = Base; path = Base.lproj/Main.storyboard; sourceTree = "<group>"; };
		033F60E4201A5F4B00124276 /* Assets.xcassets */ = {isa = PBXFileReference; lastKnownFileType = folder.assetcatalog; path = Assets.xcassets; sourceTree = "<group>"; };
		033F60E7201A5F4B00124276 /* Base */ = {isa = PBXFileReference; lastKnownFileType = file.storyboard; name = Base; path = Base.lproj/LaunchScreen.storyboard; sourceTree = "<group>"; };
		033F60E9201A5F4B00124276 /* Info.plist */ = {isa = PBXFileReference; lastKnownFileType = text.plist.xml; path = Info.plist; sourceTree = "<group>"; };
/* End PBXFileReference section */

/* Begin PBXFrameworksBuildPhase section */
		033F60D7201A5F4B00124276 /* Frameworks */ = {
			isa = PBXFrameworksBuildPhase;
			buildActionMask = 2147483647;
			files = (
			);
			runOnlyForDeploymentPostprocessing = 0;
		};
/* End PBXFrameworksBuildPhase section */

/* Begin PBXGroup section */
		033F60D1201A5F4B00124276 = {
			isa = PBXGroup;
			children = (
				033F60DC201A5F4B00124276 /* Meme Me 2.0 */,
				033F60DB201A5F4B00124276 /* Products */,
			);
			sourceTree = "<group>";
		};
		033F60DB201A5F4B00124276 /* Products */ = {
			isa = PBXGroup;
			children = (
				033F60DA201A5F4B00124276 /* Meme Me 2.0.app */,
			);
			name = Products;
			sourceTree = "<group>";
		};
		033F60DC201A5F4B00124276 /* Meme Me 2.0 */ = {
			isa = PBXGroup;
			children = (
				033F60DD201A5F4B00124276 /* AppDelegate.swift */,
				033F60DF201A5F4B00124276 /* ViewController.swift */,
				033F60E1201A5F4B00124276 /* Main.storyboard */,
				033F60E4201A5F4B00124276 /* Assets.xcassets */,
				033F60E6201A5F4B00124276 /* LaunchScreen.storyboard */,
				033F60E9201A5F4B00124276 /* Info.plist */,
			);
			path = "Meme Me 2.0";
			sourceTree = "<group>";
		};
/* End PBXGroup section */

/* Begin PBXNativeTarget section */
		033F60D9201A5F4B00124276 /* Meme Me 2.0 */ = {
			isa = PBXNativeTarget;
			buildConfigurationList = 033F60EC201A5F4B00124276 /* Build configuration list for PBXNativeTarget "Meme Me 2.0" */;
			buildPhases = (
				033F60D6201A5F4B00124276 /* Sources */,
				033F60D7201A5F4B00124276 /* Frameworks */,
				033F60D8201A5F4B00124276 /* Resources */,
			);
			buildRules = (
			);
			dependencies = (
			);
			name = "Meme Me 2.0";
			productName = "Meme Me 2.0";
			productReference = 033F60DA201A5F4B00124276 /* Meme Me 2.0.app */;
			productType = "com.apple.product-type.application";
		};
/* End PBXNativeTarget section */

/* Begin PBXProject section */
		033F60D2201A5F4B00124276 /* Project object */ = {
			isa = PBXProject;
			attributes = {
				LastSwiftUpdateCheck = 0820;
				LastUpgradeCheck = 0820;
				ORGANIZATIONNAME = "KJ Schmidt";
				TargetAttributes = {
					033F60D9201A5F4B00124276 = {
						CreatedOnToolsVersion = 8.2.1;
						ProvisioningStyle = Automatic;
					};
				};
			};
			buildConfigurationList = 033F60D5201A5F4B00124276 /* Build configuration list for PBXProject "Meme Me 2.0" */;
			compatibilityVersion = "Xcode 3.2";
			developmentRegion = English;
			hasScannedForEncodings = 0;
			knownRegions = (
				en,
				Base,
			);
			mainGroup = 033F60D1201A5F4B00124276;
			productRefGroup = 033F60DB201A5F4B00124276 /* Products */;
			projectDirPath = "";
			projectRoot = "";
			targets = (
				033F60D9201A5F4B00124276 /* Meme Me 2.0 */,
			);
		};
/* End PBXProject section */

/* Begin PBXResourcesBuildPhase section */
		033F60D8201A5F4B00124276 /* Resources */ = {
			isa = PBXResourcesBuildPhase;
			buildActionMask = 2147483647;
			files = (
				033F60E8201A5F4B00124276 /* LaunchScreen.storyboard in Resources */,
				033F60E5201A5F4B00124276 /* Assets.xcassets in Resources */,
				033F60E3201A5F4B00124276 /* Main.storyboard in Resources */,
			);
			runOnlyForDeploymentPostprocessing = 0;
		};
/* End PBXResourcesBuildPhase section */

/* Begin PBXSourcesBuildPhase section */
		033F60D6201A5F4B00124276 /* Sources */ = {
			isa = PBXSourcesBuildPhase;
			buildActionMask = 2147483647;
			files = (
				033F60E0201A5F4B00124276 /* ViewController.swift in Sources */,
				033F60DE201A5F4B00124276 /* AppDelegate.swift in Sources */,
			);
			runOnlyForDeploymentPostprocessing = 0;
		};
/* End PBXSourcesBuildPhase section */

/* Begin PBXVariantGroup section */
		033F60E1201A5F4B00124276 /* Main.storyboard */ = {
			isa = PBXVariantGroup;
			children = (
				033F60E2201A5F4B00124276 /* Base */,
			);
			name = Main.storyboard;
			sourceTree = "<group>";
		};
		033F60E6201A5F4B00124276 /* LaunchScreen.storyboard */ = {
			isa = PBXVariantGroup;
			children = (
				033F60E7201A5F4B00124276 /* Base */,
			);
			name = LaunchScreen.storyboard;
			sourceTree = "<group>";
		};
/* End PBXVariantGroup section */

/* Begin XCBuildConfiguration section */
		033F60EA201A5F4B00124276 /* Debug */ = {
			isa = XCBuildConfiguration;
			buildSettings = {
				ALWAYS_SEARCH_USER_PATHS = NO;
				CLANG_ANALYZER_NONNULL = YES;
				CLANG_CXX_LANGUAGE_STANDARD = "gnu++0x";
				CLANG_CXX_LIBRARY = "libc++";
				CLANG_ENABLE_MODULES = YES;
				CLANG_ENABLE_OBJC_ARC = YES;
				CLANG_WARN_BOOL_CONVERSION = YES;
				CLANG_WARN_CONSTANT_CONVERSION = YES;
				CLANG_WARN_DIRECT_OBJC_ISA_USAGE = YES_ERROR;
				CLANG_WARN_DOCUMENTATION_COMMENTS = YES;
				CLANG_WARN_EMPTY_BODY = YES;
				CLANG_WARN_ENUM_CONVERSION = YES;
				CLANG_WARN_INFINITE_RECURSION = YES;
				CLANG_WARN_INT_CONVERSION = YES;
				CLANG_WARN_OBJC_ROOT_CLASS = YES_ERROR;
				CLANG_WARN_SUSPICIOUS_MOVE = YES;
				CLANG_WARN_UNREACHABLE_CODE = YES;
				CLANG_WARN__DUPLICATE_METHOD_MATCH = YES;
				"CODE_SIGN_IDENTITY[sdk=iphoneos*]" = "iPhone Developer";
				COPY_PHASE_STRIP = NO;
				DEBUG_INFORMATION_FORMAT = dwarf;
				ENABLE_STRICT_OBJC_MSGSEND = YES;
				ENABLE_TESTABILITY = YES;
				GCC_C_LANGUAGE_STANDARD = gnu99;
				GCC_DYNAMIC_NO_PIC = NO;
				GCC_NO_COMMON_BLOCKS = YES;
				GCC_OPTIMIZATION_LEVEL = 0;
				GCC_PREPROCESSOR_DEFINITIONS = (
					"DEBUG=1",
					"$(inherited)",
				);
				GCC_WARN_64_TO_32_BIT_CONVERSION = YES;
				GCC_WARN_ABOUT_RETURN_TYPE = YES_ERROR;
				GCC_WARN_UNDECLARED_SELECTOR = YES;
				GCC_WARN_UNINITIALIZED_AUTOS = YES_AGGRESSIVE;
				GCC_WARN_UNUSED_FUNCTION = YES;
				GCC_WARN_UNUSED_VARIABLE = YES;
				IPHONEOS_DEPLOYMENT_TARGET = 10.2;
				MTL_ENABLE_DEBUG_INFO = YES;
				ONLY_ACTIVE_ARCH = YES;
				SDKROOT = iphoneos;
				SWIFT_ACTIVE_COMPILATION_CONDITIONS = DEBUG;
				SWIFT_OPTIMIZATION_LEVEL = "-Onone";
			};
			name = Debug;
		};
		033F60EB201A5F4B00124276 /* Release */ = {
			isa = XCBuildConfiguration;
			buildSettings = {
				ALWAYS_SEARCH_USER_PATHS = NO;
				CLANG_ANALYZER_NONNULL = YES;
				CLANG_CXX_LANGUAGE_STANDARD = "gnu++0x";
				CLANG_CXX_LIBRARY = "libc++";
				CLANG_ENABLE_MODULES = YES;
				CLANG_ENABLE_OBJC_ARC = YES;
				CLANG_WARN_BOOL_CONVERSION = YES;
				CLANG_WARN_CONSTANT_CONVERSION = YES;
				CLANG_WARN_DIRECT_OBJC_ISA_USAGE = YES_ERROR;
				CLANG_WARN_DOCUMENTATION_COMMENTS = YES;
				CLANG_WARN_EMPTY_BODY = YES;
				CLANG_WARN_ENUM_CONVERSION = YES;
				CLANG_WARN_INFINITE_RECURSION = YES;
				CLANG_WARN_INT_CONVERSION = YES;
				CLANG_WARN_OBJC_ROOT_CLASS = YES_ERROR;
				CLANG_WARN_SUSPICIOUS_MOVE = YES;
				CLANG_WARN_UNREACHABLE_CODE = YES;
				CLANG_WARN__DUPLICATE_METHOD_MATCH = YES;
				"CODE_SIGN_IDENTITY[sdk=iphoneos*]" = "iPhone Developer";
				COPY_PHASE_STRIP = NO;
				DEBUG_INFORMATION_FORMAT = "dwarf-with-dsym";
				ENABLE_NS_ASSERTIONS = NO;
				ENABLE_STRICT_OBJC_MSGSEND = YES;
				GCC_C_LANGUAGE_STANDARD = gnu99;
				GCC_NO_COMMON_BLOCKS = YES;
				GCC_WARN_64_TO_32_BIT_CONVERSION = YES;
				GCC_WARN_ABOUT_RETURN_TYPE = YES_ERROR;
				GCC_WARN_UNDECLARED_SELECTOR = YES;
				GCC_WARN_UNINITIALIZED_AUTOS = YES_AGGRESSIVE;
				GCC_WARN_UNUSED_FUNCTION = YES;
				GCC_WARN_UNUSED_VARIABLE = YES;
				IPHONEOS_DEPLOYMENT_TARGET = 10.2;
				MTL_ENABLE_DEBUG_INFO = NO;
				SDKROOT = iphoneos;
				SWIFT_OPTIMIZATION_LEVEL = "-Owholemodule";
				VALIDATE_PRODUCT = YES;
			};
			name = Release;
		};
		033F60ED201A5F4B00124276 /* Debug */ = {
			isa = XCBuildConfiguration;
			buildSettings = {
				ASSETCATALOG_COMPILER_APPICON_NAME = AppIcon;
				INFOPLIST_FILE = "Meme Me 2.0/Info.plist";
				LD_RUNPATH_SEARCH_PATHS = "$(inherited) @executable_path/Frameworks";
				PRODUCT_BUNDLE_IDENTIFIER = "KJ-Schmidt.Meme-Me-2-0";
				PRODUCT_NAME = "$(TARGET_NAME)";
				SWIFT_VERSION = 3.0;
			};
			name = Debug;
		};
		033F60EE201A5F4B00124276 /* Release */ = {
			isa = XCBuildConfiguration;
			buildSettings = {
				ASSETCATALOG_COMPILER_APPICON_NAME = AppIcon;
				INFOPLIST_FILE = "Meme Me 2.0/Info.plist";
				LD_RUNPATH_SEARCH_PATHS = "$(inherited) @executable_path/Frameworks";
				PRODUCT_BUNDLE_IDENTIFIER = "KJ-Schmidt.Meme-Me-2-0";
				PRODUCT_NAME = "$(TARGET_NAME)";
				SWIFT_VERSION = 3.0;
			};
			name = Release;
		};
/* End XCBuildConfiguration section */

/* Begin XCConfigurationList section */
		033F60D5201A5F4B00124276 /* Build configuration list for PBXProject "Meme Me 2.0" */ = {
			isa = XCConfigurationList;
			buildConfigurations = (
				033F60EA201A5F4B00124276 /* Debug */,
				033F60EB201A5F4B00124276 /* Release */,
			);
			defaultConfigurationIsVisible = 0;
			defaultConfigurationName = Release;
		};
		033F60EC201A5F4B00124276 /* Build configuration list for PBXNativeTarget "Meme Me 2.0" */ = {
			isa = XCConfigurationList;
			buildConfigurations = (
				033F60ED201A5F4B00124276 /* Debug */,
				033F60EE201A5F4B00124276 /* Release */,
			);
			defaultConfigurationIsVisible = 0;
		};
/* End XCConfigurationList section */
	};
	rootObject = 033F60D2201A5F4B00124276 /* Project object */;
}
